
Microsoft Visual Studio Solution File, Format Version 12.00
# Visual Studio Version 17
VisualStudioVersion = 17.9.34616.47
MinimumVisualStudioVersion = 10.0.40219.1
Project("{9A19103F-16F7-4668-BE54-9A1E7A4F7556}") = "ComBalanca.NET", "ComBalanca.NET.csproj", "{5724410B-9AEC-4B05-8ED7-B1DBE79749AD}"
EndProject
Global
	GlobalSection(SolutionConfigurationPlatforms) = preSolution
		Debug|Any CPU = Debug|Any CPU
		Release|Any CPU = Release|Any CPU
	EndGlobalSection
	GlobalSection(ProjectConfigurationPlatforms) = postSolution
		{5724410B-9AEC-4B05-8ED7-B1DBE79749AD}.Debug|Any CPU.ActiveCfg = Debug|Any CPU
		{5724410B-9AEC-4B05-8ED7-B1DBE79749AD}.Debug|Any CPU.Build.0 = Debug|Any CPU
		{5724410B-9AEC-4B05-8ED7-B1DBE79749AD}.Release|Any CPU.ActiveCfg = Release|Any CPU
		{5724410B-9AEC-4B05-8ED7-B1DBE79749AD}.Release|Any CPU.Build.0 = Release|Any CPU
	EndGlobalSection
	GlobalSection(SolutionProperties) = preSolution
		HideSolutionNode = FALSE
	EndGlobalSection
	GlobalSection(ExtensibilityGlobals) = postSolution
		SolutionGuid = {92C602BD-3520-4A46-95EE-66079F1260DE}
	EndGlobalSection
EndGlobal
